// !$*UTF8*$!
{
	archiveVersion = 1;
	classes = {
	};
	objectVersion = 50;
	objects = {

/* Begin PBXBuildFile section */
		A0026B0F2097171900B6926D /* ADCONTAINER.json in Resources */ = {isa = PBXBuildFile; fileRef = A0026B0E2097171900B6926D /* ADCONTAINER.json */; };
		A0026B14209722A400B6926D /* FLAPIClientTests.swift in Sources */ = {isa = PBXBuildFile; fileRef = A0026B13209722A400B6926D /* FLAPIClientTests.swift */; };
		A0026B1720972D0500B6926D /* URLSessionProtocol.swift in Sources */ = {isa = PBXBuildFile; fileRef = A0026B1620972D0500B6926D /* URLSessionProtocol.swift */; };
		A0026B1920972D6300B6926D /* URLSessionDataTaskProtocol.swift in Sources */ = {isa = PBXBuildFile; fileRef = A0026B1820972D6300B6926D /* URLSessionDataTaskProtocol.swift */; };
		A0026B1C209732E700B6926D /* MockURLSession.swift in Sources */ = {isa = PBXBuildFile; fileRef = A0026B1B209732E700B6926D /* MockURLSession.swift */; };
		A0026B1F2097449E00B6926D /* XCTestCase+json.swift in Sources */ = {isa = PBXBuildFile; fileRef = A0026B1E2097449E00B6926D /* XCTestCase+json.swift */; };
		A0026B2220974C3200B6926D /* ADCONTAINER_COMPLETE.json in Resources */ = {isa = PBXBuildFile; fileRef = A0026B2120974C3200B6926D /* ADCONTAINER_COMPLETE.json */; };
		A0026B2320974C3200B6926D /* ADCONTAINER_COMPLETE.json in Resources */ = {isa = PBXBuildFile; fileRef = A0026B2120974C3200B6926D /* ADCONTAINER_COMPLETE.json */; };
		A0026B292097518400B6926D /* Disk.framework in Frameworks */ = {isa = PBXBuildFile; fileRef = A0026B262097518400B6926D /* Disk.framework */; };
		A0026B2A2097518400B6926D /* FinniversKit.framework in Frameworks */ = {isa = PBXBuildFile; fileRef = A0026B272097518400B6926D /* FinniversKit.framework */; };
		A0026B2B2097518400B6926D /* Kingfisher.framework in Frameworks */ = {isa = PBXBuildFile; fileRef = A0026B282097518400B6926D /* Kingfisher.framework */; };
		A0026B2D2097523100B6926D /* Disk.framework in Frameworks */ = {isa = PBXBuildFile; fileRef = A0026B262097518400B6926D /* Disk.framework */; };
		A0026B2E2097523100B6926D /* FinniversKit.framework in Frameworks */ = {isa = PBXBuildFile; fileRef = A0026B272097518400B6926D /* FinniversKit.framework */; };
		A0026B2F2097523100B6926D /* Kingfisher.framework in Frameworks */ = {isa = PBXBuildFile; fileRef = A0026B282097518400B6926D /* Kingfisher.framework */; };
		A0026B3120975D5200B6926D /* AdCollectionViewCell.swift in Sources */ = {isa = PBXBuildFile; fileRef = A0026B3020975D5200B6926D /* AdCollectionViewCell.swift */; };
		A0026B3320975E0100B6926D /* UICollectionViewExtensions.swift in Sources */ = {isa = PBXBuildFile; fileRef = A0026B3220975E0100B6926D /* UICollectionViewExtensions.swift */; };
		A0026B3520976AF000B6926D /* AdDetailViewController.swift in Sources */ = {isa = PBXBuildFile; fileRef = A0026B3420976AF000B6926D /* AdDetailViewController.swift */; };
		A0026B46209779A300B6926D /* Color.swift in Sources */ = {isa = PBXBuildFile; fileRef = A0026B45209779A300B6926D /* Color.swift */; };
		A0026B4F20977B4700B6926D /* Montserrat-Black.otf in Resources */ = {isa = PBXBuildFile; fileRef = A0026B4720977B4600B6926D /* Montserrat-Black.otf */; };
		A0026B5020977B4700B6926D /* Montserrat-Hairline.otf in Resources */ = {isa = PBXBuildFile; fileRef = A0026B4820977B4600B6926D /* Montserrat-Hairline.otf */; };
		A0026B5120977B4700B6926D /* Montserrat-Bold.otf in Resources */ = {isa = PBXBuildFile; fileRef = A0026B4920977B4600B6926D /* Montserrat-Bold.otf */; };
		A0026B5220977B4700B6926D /* Montserrat-Regular.otf in Resources */ = {isa = PBXBuildFile; fileRef = A0026B4A20977B4600B6926D /* Montserrat-Regular.otf */; };
		A0026B5320977B4700B6926D /* Montserrat-SemiBold.otf in Resources */ = {isa = PBXBuildFile; fileRef = A0026B4B20977B4600B6926D /* Montserrat-SemiBold.otf */; };
		A0026B5420977B4700B6926D /* Montserrat-ExtraBold.otf in Resources */ = {isa = PBXBuildFile; fileRef = A0026B4C20977B4700B6926D /* Montserrat-ExtraBold.otf */; };
		A0026B5520977B4700B6926D /* Montserrat-Light.otf in Resources */ = {isa = PBXBuildFile; fileRef = A0026B4D20977B4700B6926D /* Montserrat-Light.otf */; };
		A0026B5620977B4700B6926D /* Montserrat-UltraLight.otf in Resources */ = {isa = PBXBuildFile; fileRef = A0026B4E20977B4700B6926D /* Montserrat-UltraLight.otf */; };
		A0026B5820977B7700B6926D /* Font.swift in Sources */ = {isa = PBXBuildFile; fileRef = A0026B5720977B7700B6926D /* Font.swift */; };
		A0026B5C20978B5600B6926D /* AdViewModel.swift in Sources */ = {isa = PBXBuildFile; fileRef = A0026B5B20978B5600B6926D /* AdViewModel.swift */; };
		A0026B5F2097970F00B6926D /* DataManager.swift in Sources */ = {isa = PBXBuildFile; fileRef = A0026B5E2097970F00B6926D /* DataManager.swift */; };
		A0026B612097A84A00B6926D /* AdItemViewModel.swift in Sources */ = {isa = PBXBuildFile; fileRef = A0026B602097A84A00B6926D /* AdItemViewModel.swift */; };
		A0026B632097B1A100B6926D /* AdModel.swift in Sources */ = {isa = PBXBuildFile; fileRef = A0026B622097B1A100B6926D /* AdModel.swift */; };
		A0026B652097B1AF00B6926D /* AdImage.swift in Sources */ = {isa = PBXBuildFile; fileRef = A0026B642097B1AF00B6926D /* AdImage.swift */; };
		A0026B672097B1B700B6926D /* AdPrice.swift in Sources */ = {isa = PBXBuildFile; fileRef = A0026B662097B1B700B6926D /* AdPrice.swift */; };
		A060C9F92096F77200DAD27F /* AppDelegate.swift in Sources */ = {isa = PBXBuildFile; fileRef = A060C9F82096F77200DAD27F /* AppDelegate.swift */; };
		A060C9FB2096F77200DAD27F /* AdViewController.swift in Sources */ = {isa = PBXBuildFile; fileRef = A060C9FA2096F77200DAD27F /* AdViewController.swift */; };
		A060C9FE2096F77200DAD27F /* Main.storyboard in Resources */ = {isa = PBXBuildFile; fileRef = A060C9FC2096F77200DAD27F /* Main.storyboard */; };
		A060CA002096F77300DAD27F /* Assets.xcassets in Resources */ = {isa = PBXBuildFile; fileRef = A060C9FF2096F77300DAD27F /* Assets.xcassets */; };
		A060CA032096F77300DAD27F /* LaunchScreen.storyboard in Resources */ = {isa = PBXBuildFile; fileRef = A060CA012096F77300DAD27F /* LaunchScreen.storyboard */; };
		A060CA0E2096F77300DAD27F /* FLAppTests.swift in Sources */ = {isa = PBXBuildFile; fileRef = A060CA0D2096F77300DAD27F /* FLAppTests.swift */; };
		A060CA242096FF4400DAD27F /* APIRequest.swift in Sources */ = {isa = PBXBuildFile; fileRef = A060CA1F2096FF4400DAD27F /* APIRequest.swift */; };
		A060CA252096FF4400DAD27F /* APIError.swift in Sources */ = {isa = PBXBuildFile; fileRef = A060CA202096FF4400DAD27F /* APIError.swift */; };
		A060CA262096FF4400DAD27F /* APIResponse.swift in Sources */ = {isa = PBXBuildFile; fileRef = A060CA212096FF4400DAD27F /* APIResponse.swift */; };
		A060CA282096FF7700DAD27F /* AdContainer.swift in Sources */ = {isa = PBXBuildFile; fileRef = A060CA272096FF7700DAD27F /* AdContainer.swift */; };
		A060CA2A209702CC00DAD27F /* FLAPIClient.swift in Sources */ = {isa = PBXBuildFile; fileRef = A060CA29209702CC00DAD27F /* FLAPIClient.swift */; };
		A060CA2C2097036400DAD27F /* Result.swift in Sources */ = {isa = PBXBuildFile; fileRef = A060CA2B2097036400DAD27F /* Result.swift */; };
		A060CA2E209703B800DAD27F /* GetAds.swift in Sources */ = {isa = PBXBuildFile; fileRef = A060CA2D209703B800DAD27F /* GetAds.swift */; };
/* End PBXBuildFile section */

/* Begin PBXContainerItemProxy section */
		A060CA0A2096F77300DAD27F /* PBXContainerItemProxy */ = {
			isa = PBXContainerItemProxy;
			containerPortal = A060C9ED2096F77200DAD27F /* Project object */;
			proxyType = 1;
			remoteGlobalIDString = A060C9F42096F77200DAD27F;
			remoteInfo = FLApp;
		};
/* End PBXContainerItemProxy section */

/* Begin PBXFileReference section */
		A0026B0E2097171900B6926D /* ADCONTAINER.json */ = {isa = PBXFileReference; fileEncoding = 4; lastKnownFileType = text.json; path = ADCONTAINER.json; sourceTree = "<group>"; };
		A0026B13209722A400B6926D /* FLAPIClientTests.swift */ = {isa = PBXFileReference; lastKnownFileType = sourcecode.swift; path = FLAPIClientTests.swift; sourceTree = "<group>"; };
		A0026B1620972D0500B6926D /* URLSessionProtocol.swift */ = {isa = PBXFileReference; lastKnownFileType = sourcecode.swift; path = URLSessionProtocol.swift; sourceTree = "<group>"; };
		A0026B1820972D6300B6926D /* URLSessionDataTaskProtocol.swift */ = {isa = PBXFileReference; lastKnownFileType = sourcecode.swift; path = URLSessionDataTaskProtocol.swift; sourceTree = "<group>"; };
		A0026B1B209732E700B6926D /* MockURLSession.swift */ = {isa = PBXFileReference; lastKnownFileType = sourcecode.swift; path = MockURLSession.swift; sourceTree = "<group>"; };
		A0026B1E2097449E00B6926D /* XCTestCase+json.swift */ = {isa = PBXFileReference; lastKnownFileType = sourcecode.swift; path = "XCTestCase+json.swift"; sourceTree = "<group>"; };
		A0026B2120974C3200B6926D /* ADCONTAINER_COMPLETE.json */ = {isa = PBXFileReference; fileEncoding = 4; lastKnownFileType = text.json; path = ADCONTAINER_COMPLETE.json; sourceTree = "<group>"; };
		A0026B262097518400B6926D /* Disk.framework */ = {isa = PBXFileReference; lastKnownFileType = wrapper.framework; name = Disk.framework; path = Carthage/Build/iOS/Disk.framework; sourceTree = "<group>"; };
		A0026B272097518400B6926D /* FinniversKit.framework */ = {isa = PBXFileReference; lastKnownFileType = wrapper.framework; name = FinniversKit.framework; path = Carthage/Build/iOS/FinniversKit.framework; sourceTree = "<group>"; };
		A0026B282097518400B6926D /* Kingfisher.framework */ = {isa = PBXFileReference; lastKnownFileType = wrapper.framework; name = Kingfisher.framework; path = Carthage/Build/iOS/Kingfisher.framework; sourceTree = "<group>"; };
		A0026B3020975D5200B6926D /* AdCollectionViewCell.swift */ = {isa = PBXFileReference; lastKnownFileType = sourcecode.swift; path = AdCollectionViewCell.swift; sourceTree = "<group>"; };
		A0026B3220975E0100B6926D /* UICollectionViewExtensions.swift */ = {isa = PBXFileReference; fileEncoding = 4; lastKnownFileType = sourcecode.swift; path = UICollectionViewExtensions.swift; sourceTree = "<group>"; };
		A0026B3420976AF000B6926D /* AdDetailViewController.swift */ = {isa = PBXFileReference; lastKnownFileType = sourcecode.swift; path = AdDetailViewController.swift; sourceTree = "<group>"; };
		A0026B45209779A300B6926D /* Color.swift */ = {isa = PBXFileReference; fileEncoding = 4; lastKnownFileType = sourcecode.swift; path = Color.swift; sourceTree = "<group>"; };
		A0026B4720977B4600B6926D /* Montserrat-Black.otf */ = {isa = PBXFileReference; lastKnownFileType = file; path = "Montserrat-Black.otf"; sourceTree = "<group>"; };
		A0026B4820977B4600B6926D /* Montserrat-Hairline.otf */ = {isa = PBXFileReference; lastKnownFileType = file; path = "Montserrat-Hairline.otf"; sourceTree = "<group>"; };
		A0026B4920977B4600B6926D /* Montserrat-Bold.otf */ = {isa = PBXFileReference; lastKnownFileType = file; path = "Montserrat-Bold.otf"; sourceTree = "<group>"; };
		A0026B4A20977B4600B6926D /* Montserrat-Regular.otf */ = {isa = PBXFileReference; lastKnownFileType = file; path = "Montserrat-Regular.otf"; sourceTree = "<group>"; };
		A0026B4B20977B4600B6926D /* Montserrat-SemiBold.otf */ = {isa = PBXFileReference; lastKnownFileType = file; path = "Montserrat-SemiBold.otf"; sourceTree = "<group>"; };
		A0026B4C20977B4700B6926D /* Montserrat-ExtraBold.otf */ = {isa = PBXFileReference; lastKnownFileType = file; path = "Montserrat-ExtraBold.otf"; sourceTree = "<group>"; };
		A0026B4D20977B4700B6926D /* Montserrat-Light.otf */ = {isa = PBXFileReference; lastKnownFileType = file; path = "Montserrat-Light.otf"; sourceTree = "<group>"; };
		A0026B4E20977B4700B6926D /* Montserrat-UltraLight.otf */ = {isa = PBXFileReference; lastKnownFileType = file; path = "Montserrat-UltraLight.otf"; sourceTree = "<group>"; };
		A0026B5720977B7700B6926D /* Font.swift */ = {isa = PBXFileReference; lastKnownFileType = sourcecode.swift; path = Font.swift; sourceTree = "<group>"; };
		A0026B5B20978B5600B6926D /* AdViewModel.swift */ = {isa = PBXFileReference; lastKnownFileType = sourcecode.swift; path = AdViewModel.swift; sourceTree = "<group>"; };
		A0026B5E2097970F00B6926D /* DataManager.swift */ = {isa = PBXFileReference; lastKnownFileType = sourcecode.swift; path = DataManager.swift; sourceTree = "<group>"; };
		A0026B602097A84A00B6926D /* AdItemViewModel.swift */ = {isa = PBXFileReference; lastKnownFileType = sourcecode.swift; path = AdItemViewModel.swift; sourceTree = "<group>"; };
		A0026B622097B1A100B6926D /* AdModel.swift */ = {isa = PBXFileReference; lastKnownFileType = sourcecode.swift; path = AdModel.swift; sourceTree = "<group>"; };
		A0026B642097B1AF00B6926D /* AdImage.swift */ = {isa = PBXFileReference; lastKnownFileType = sourcecode.swift; path = AdImage.swift; sourceTree = "<group>"; };
		A0026B662097B1B700B6926D /* AdPrice.swift */ = {isa = PBXFileReference; lastKnownFileType = sourcecode.swift; path = AdPrice.swift; sourceTree = "<group>"; };
		A060C9F52096F77200DAD27F /* FLApp.app */ = {isa = PBXFileReference; explicitFileType = wrapper.application; includeInIndex = 0; path = FLApp.app; sourceTree = BUILT_PRODUCTS_DIR; };
		A060C9F82096F77200DAD27F /* AppDelegate.swift */ = {isa = PBXFileReference; lastKnownFileType = sourcecode.swift; path = AppDelegate.swift; sourceTree = "<group>"; };
		A060C9FA2096F77200DAD27F /* AdViewController.swift */ = {isa = PBXFileReference; lastKnownFileType = sourcecode.swift; path = AdViewController.swift; sourceTree = "<group>"; };
		A060C9FD2096F77200DAD27F /* Base */ = {isa = PBXFileReference; lastKnownFileType = file.storyboard; name = Base; path = Base.lproj/Main.storyboard; sourceTree = "<group>"; };
		A060C9FF2096F77300DAD27F /* Assets.xcassets */ = {isa = PBXFileReference; lastKnownFileType = folder.assetcatalog; path = Assets.xcassets; sourceTree = "<group>"; };
		A060CA022096F77300DAD27F /* Base */ = {isa = PBXFileReference; lastKnownFileType = file.storyboard; name = Base; path = Base.lproj/LaunchScreen.storyboard; sourceTree = "<group>"; };
		A060CA042096F77300DAD27F /* Info.plist */ = {isa = PBXFileReference; lastKnownFileType = text.plist.xml; path = Info.plist; sourceTree = "<group>"; };
		A060CA092096F77300DAD27F /* FLAppTests.xctest */ = {isa = PBXFileReference; explicitFileType = wrapper.cfbundle; includeInIndex = 0; path = FLAppTests.xctest; sourceTree = BUILT_PRODUCTS_DIR; };
		A060CA0D2096F77300DAD27F /* FLAppTests.swift */ = {isa = PBXFileReference; lastKnownFileType = sourcecode.swift; path = FLAppTests.swift; sourceTree = "<group>"; };
		A060CA0F2096F77300DAD27F /* Info.plist */ = {isa = PBXFileReference; lastKnownFileType = text.plist.xml; path = Info.plist; sourceTree = "<group>"; };
		A060CA1F2096FF4400DAD27F /* APIRequest.swift */ = {isa = PBXFileReference; fileEncoding = 4; lastKnownFileType = sourcecode.swift; path = APIRequest.swift; sourceTree = "<group>"; };
		A060CA202096FF4400DAD27F /* APIError.swift */ = {isa = PBXFileReference; fileEncoding = 4; lastKnownFileType = sourcecode.swift; path = APIError.swift; sourceTree = "<group>"; };
		A060CA212096FF4400DAD27F /* APIResponse.swift */ = {isa = PBXFileReference; fileEncoding = 4; lastKnownFileType = sourcecode.swift; path = APIResponse.swift; sourceTree = "<group>"; };
		A060CA272096FF7700DAD27F /* AdContainer.swift */ = {isa = PBXFileReference; lastKnownFileType = sourcecode.swift; path = AdContainer.swift; sourceTree = "<group>"; };
		A060CA29209702CC00DAD27F /* FLAPIClient.swift */ = {isa = PBXFileReference; lastKnownFileType = sourcecode.swift; path = FLAPIClient.swift; sourceTree = "<group>"; };
		A060CA2B2097036400DAD27F /* Result.swift */ = {isa = PBXFileReference; fileEncoding = 4; lastKnownFileType = sourcecode.swift; path = Result.swift; sourceTree = "<group>"; };
		A060CA2D209703B800DAD27F /* GetAds.swift */ = {isa = PBXFileReference; fileEncoding = 4; lastKnownFileType = sourcecode.swift; path = GetAds.swift; sourceTree = "<group>"; };
/* End PBXFileReference section */

/* Begin PBXFrameworksBuildPhase section */
		A060C9F22096F77200DAD27F /* Frameworks */ = {
			isa = PBXFrameworksBuildPhase;
			buildActionMask = 2147483647;
			files = (
				A0026B292097518400B6926D /* Disk.framework in Frameworks */,
				A0026B2A2097518400B6926D /* FinniversKit.framework in Frameworks */,
				A0026B2B2097518400B6926D /* Kingfisher.framework in Frameworks */,
			);
			runOnlyForDeploymentPostprocessing = 0;
		};
		A060CA062096F77300DAD27F /* Frameworks */ = {
			isa = PBXFrameworksBuildPhase;
			buildActionMask = 2147483647;
			files = (
				A0026B2D2097523100B6926D /* Disk.framework in Frameworks */,
				A0026B2E2097523100B6926D /* FinniversKit.framework in Frameworks */,
				A0026B2F2097523100B6926D /* Kingfisher.framework in Frameworks */,
			);
			runOnlyForDeploymentPostprocessing = 0;
		};
/* End PBXFrameworksBuildPhase section */

/* Begin PBXGroup section */
		A0026B0D2097171900B6926D /* SampleData */ = {
			isa = PBXGroup;
			children = (
				A0026B2120974C3200B6926D /* ADCONTAINER_COMPLETE.json */,
				A0026B0E2097171900B6926D /* ADCONTAINER.json */,
			);
			path = SampleData;
			sourceTree = "<group>";
		};
		A0026B1520972CF400B6926D /* Clients */ = {
			isa = PBXGroup;
			children = (
				A060CA29209702CC00DAD27F /* FLAPIClient.swift */,
				A0026B1620972D0500B6926D /* URLSessionProtocol.swift */,
				A0026B1820972D6300B6926D /* URLSessionDataTaskProtocol.swift */,
			);
			path = Clients;
			sourceTree = "<group>";
		};
		A0026B1A209732D400B6926D /* Mocks */ = {
			isa = PBXGroup;
			children = (
				A0026B1B209732E700B6926D /* MockURLSession.swift */,
			);
			path = Mocks;
			sourceTree = "<group>";
		};
		A0026B1D2097448B00B6926D /* Extensions */ = {
			isa = PBXGroup;
			children = (
				A0026B1E2097449E00B6926D /* XCTestCase+json.swift */,
			);
			path = Extensions;
			sourceTree = "<group>";
		};
		A0026B20209748B200B6926D /* Ad Screen */ = {
			isa = PBXGroup;
			children = (
				A060C9FA2096F77200DAD27F /* AdViewController.swift */,
				A0026B3020975D5200B6926D /* AdCollectionViewCell.swift */,
				A0026B3420976AF000B6926D /* AdDetailViewController.swift */,
				A0026B5B20978B5600B6926D /* AdViewModel.swift */,
				A0026B602097A84A00B6926D /* AdItemViewModel.swift */,
			);
			path = "Ad Screen";
			sourceTree = "<group>";
		};
		A0026B2420974D2400B6926D /* Extensions */ = {
			isa = PBXGroup;
			children = (
				A0026B3220975E0100B6926D /* UICollectionViewExtensions.swift */,
			);
			path = Extensions;
			sourceTree = "<group>";
		};
		A0026B252097518400B6926D /* Frameworks */ = {
			isa = PBXGroup;
			children = (
				A0026B262097518400B6926D /* Disk.framework */,
				A0026B272097518400B6926D /* FinniversKit.framework */,
				A0026B282097518400B6926D /* Kingfisher.framework */,
			);
			name = Frameworks;
			sourceTree = "<group>";
		};
		A0026B362097752200B6926D /* Resources */ = {
			isa = PBXGroup;
			children = (
				A0026B372097754400B6926D /* Fonts */,
				A060C9FF2096F77300DAD27F /* Assets.xcassets */,
			);
			path = Resources;
			sourceTree = "<group>";
		};
		A0026B372097754400B6926D /* Fonts */ = {
			isa = PBXGroup;
			children = (
				A0026B4720977B4600B6926D /* Montserrat-Black.otf */,
				A0026B4920977B4600B6926D /* Montserrat-Bold.otf */,
				A0026B4C20977B4700B6926D /* Montserrat-ExtraBold.otf */,
				A0026B4820977B4600B6926D /* Montserrat-Hairline.otf */,
				A0026B4D20977B4700B6926D /* Montserrat-Light.otf */,
				A0026B4A20977B4600B6926D /* Montserrat-Regular.otf */,
				A0026B4B20977B4600B6926D /* Montserrat-SemiBold.otf */,
				A0026B4E20977B4700B6926D /* Montserrat-UltraLight.otf */,
			);
			path = Fonts;
			sourceTree = "<group>";
		};
		A0026B40209777AE00B6926D /* DNA */ = {
			isa = PBXGroup;
			children = (
				A0026B44209779A300B6926D /* Color */,
				A0026B41209777B600B6926D /* Font */,
			);
			path = DNA;
			sourceTree = "<group>";
		};
		A0026B41209777B600B6926D /* Font */ = {
			isa = PBXGroup;
			children = (
				A0026B5720977B7700B6926D /* Font.swift */,
			);
			path = Font;
			sourceTree = "<group>";
		};
		A0026B44209779A300B6926D /* Color */ = {
			isa = PBXGroup;
			children = (
				A0026B45209779A300B6926D /* Color.swift */,
			);
			path = Color;
			sourceTree = "<group>";
		};
		A0026B5D209796FA00B6926D /* Dependencies */ = {
			isa = PBXGroup;
			children = (
				A0026B5E2097970F00B6926D /* DataManager.swift */,
			);
			path = Dependencies;
			sourceTree = "<group>";
		};
		A060C9EC2096F77200DAD27F = {
			isa = PBXGroup;
			children = (
				A060C9F72096F77200DAD27F /* FLApp */,
				A060CA0C2096F77300DAD27F /* FLAppTests */,
				A060C9F62096F77200DAD27F /* Products */,
				A0026B252097518400B6926D /* Frameworks */,
			);
			sourceTree = "<group>";
		};
		A060C9F62096F77200DAD27F /* Products */ = {
			isa = PBXGroup;
			children = (
				A060C9F52096F77200DAD27F /* FLApp.app */,
				A060CA092096F77300DAD27F /* FLAppTests.xctest */,
			);
			name = Products;
			sourceTree = "<group>";
		};
		A060C9F72096F77200DAD27F /* FLApp */ = {
			isa = PBXGroup;
			children = (
				A0026B5D209796FA00B6926D /* Dependencies */,
				A0026B40209777AE00B6926D /* DNA */,
				A0026B2420974D2400B6926D /* Extensions */,
				A0026B20209748B200B6926D /* Ad Screen */,
				A060CA182096FEEB00DAD27F /* Service */,
				A060C9F82096F77200DAD27F /* AppDelegate.swift */,
				A060C9FC2096F77200DAD27F /* Main.storyboard */,
				A0026B362097752200B6926D /* Resources */,
				A060CA012096F77300DAD27F /* LaunchScreen.storyboard */,
				A060CA042096F77300DAD27F /* Info.plist */,
			);
			path = FLApp;
			sourceTree = "<group>";
		};
		A060CA0C2096F77300DAD27F /* FLAppTests */ = {
			isa = PBXGroup;
			children = (
				A0026B1D2097448B00B6926D /* Extensions */,
				A0026B1A209732D400B6926D /* Mocks */,
				A0026B0D2097171900B6926D /* SampleData */,
				A060CA0D2096F77300DAD27F /* FLAppTests.swift */,
				A0026B13209722A400B6926D /* FLAPIClientTests.swift */,
				A060CA0F2096F77300DAD27F /* Info.plist */,
			);
			path = FLAppTests;
			sourceTree = "<group>";
		};
		A060CA182096FEEB00DAD27F /* Service */ = {
			isa = PBXGroup;
			children = (
				A060CA1C2096FF2600DAD27F /* Core */,
				A060CA1B2096FF1500DAD27F /* Models */,
				A060CA192096FEF300DAD27F /* Requests */,
				A0026B1520972CF400B6926D /* Clients */,
			);
			path = Service;
			sourceTree = "<group>";
		};
		A060CA192096FEF300DAD27F /* Requests */ = {
			isa = PBXGroup;
			children = (
				A060CA2D209703B800DAD27F /* GetAds.swift */,
			);
			path = Requests;
			sourceTree = "<group>";
		};
		A060CA1B2096FF1500DAD27F /* Models */ = {
			isa = PBXGroup;
			children = (
				A060CA272096FF7700DAD27F /* AdContainer.swift */,
				A0026B622097B1A100B6926D /* AdModel.swift */,
				A0026B662097B1B700B6926D /* AdPrice.swift */,
				A0026B642097B1AF00B6926D /* AdImage.swift */,
			);
			path = Models;
			sourceTree = "<group>";
		};
		A060CA1C2096FF2600DAD27F /* Core */ = {
			isa = PBXGroup;
			children = (
				A060CA202096FF4400DAD27F /* APIError.swift */,
				A060CA212096FF4400DAD27F /* APIResponse.swift */,
				A060CA1F2096FF4400DAD27F /* APIRequest.swift */,
				A060CA2B2097036400DAD27F /* Result.swift */,
			);
			path = Core;
			sourceTree = "<group>";
		};
/* End PBXGroup section */

/* Begin PBXNativeTarget section */
		A060C9F42096F77200DAD27F /* FLApp */ = {
			isa = PBXNativeTarget;
			buildConfigurationList = A060CA122096F77300DAD27F /* Build configuration list for PBXNativeTarget "FLApp" */;
			buildPhases = (
				A060C9F12096F77200DAD27F /* Sources */,
				A060C9F22096F77200DAD27F /* Frameworks */,
				A060C9F32096F77200DAD27F /* Resources */,
				A0026B2C2097519900B6926D /* ShellScript */,
			);
			buildRules = (
			);
			dependencies = (
			);
			name = FLApp;
			productName = FLApp;
			productReference = A060C9F52096F77200DAD27F /* FLApp.app */;
			productType = "com.apple.product-type.application";
		};
		A060CA082096F77300DAD27F /* FLAppTests */ = {
			isa = PBXNativeTarget;
			buildConfigurationList = A060CA152096F77300DAD27F /* Build configuration list for PBXNativeTarget "FLAppTests" */;
			buildPhases = (
				A060CA052096F77300DAD27F /* Sources */,
				A060CA062096F77300DAD27F /* Frameworks */,
				A060CA072096F77300DAD27F /* Resources */,
			);
			buildRules = (
			);
			dependencies = (
				A060CA0B2096F77300DAD27F /* PBXTargetDependency */,
			);
			name = FLAppTests;
			productName = FLAppTests;
			productReference = A060CA092096F77300DAD27F /* FLAppTests.xctest */;
			productType = "com.apple.product-type.bundle.unit-test";
		};
/* End PBXNativeTarget section */

/* Begin PBXProject section */
		A060C9ED2096F77200DAD27F /* Project object */ = {
			isa = PBXProject;
			attributes = {
				LastSwiftUpdateCheck = 0930;
				LastUpgradeCheck = 0930;
				ORGANIZATIONNAME = wandercodesfze;
				TargetAttributes = {
					A060C9F42096F77200DAD27F = {
						CreatedOnToolsVersion = 9.3;
					};
					A060CA082096F77300DAD27F = {
						CreatedOnToolsVersion = 9.3;
						TestTargetID = A060C9F42096F77200DAD27F;
					};
				};
			};
			buildConfigurationList = A060C9F02096F77200DAD27F /* Build configuration list for PBXProject "FLApp" */;
			compatibilityVersion = "Xcode 9.3";
			developmentRegion = en;
			hasScannedForEncodings = 0;
			knownRegions = (
				en,
				Base,
			);
			mainGroup = A060C9EC2096F77200DAD27F;
			productRefGroup = A060C9F62096F77200DAD27F /* Products */;
			projectDirPath = "";
			projectRoot = "";
			targets = (
				A060C9F42096F77200DAD27F /* FLApp */,
				A060CA082096F77300DAD27F /* FLAppTests */,
			);
		};
/* End PBXProject section */

/* Begin PBXResourcesBuildPhase section */
		A060C9F32096F77200DAD27F /* Resources */ = {
			isa = PBXResourcesBuildPhase;
			buildActionMask = 2147483647;
			files = (
				A0026B5520977B4700B6926D /* Montserrat-Light.otf in Resources */,
				A0026B5420977B4700B6926D /* Montserrat-ExtraBold.otf in Resources */,
				A0026B5020977B4700B6926D /* Montserrat-Hairline.otf in Resources */,
				A060CA032096F77300DAD27F /* LaunchScreen.storyboard in Resources */,
				A0026B5620977B4700B6926D /* Montserrat-UltraLight.otf in Resources */,
				A0026B5120977B4700B6926D /* Montserrat-Bold.otf in Resources */,
				A0026B5320977B4700B6926D /* Montserrat-SemiBold.otf in Resources */,
				A0026B5220977B4700B6926D /* Montserrat-Regular.otf in Resources */,
				A0026B4F20977B4700B6926D /* Montserrat-Black.otf in Resources */,
				A0026B2220974C3200B6926D /* ADCONTAINER_COMPLETE.json in Resources */,
				A060CA002096F77300DAD27F /* Assets.xcassets in Resources */,
				A060C9FE2096F77200DAD27F /* Main.storyboard in Resources */,
			);
			runOnlyForDeploymentPostprocessing = 0;
		};
		A060CA072096F77300DAD27F /* Resources */ = {
			isa = PBXResourcesBuildPhase;
			buildActionMask = 2147483647;
			files = (
				A0026B0F2097171900B6926D /* ADCONTAINER.json in Resources */,
				A0026B2320974C3200B6926D /* ADCONTAINER_COMPLETE.json in Resources */,
			);
			runOnlyForDeploymentPostprocessing = 0;
		};
/* End PBXResourcesBuildPhase section */

/* Begin PBXShellScriptBuildPhase section */
		A0026B2C2097519900B6926D /* ShellScript */ = {
			isa = PBXShellScriptBuildPhase;
			buildActionMask = 2147483647;
			files = (
			);
			inputPaths = (
				"$(SRCROOT)/Carthage/Build/iOS/Disk.framework",
				"$(SRCROOT)/Carthage/Build/iOS/FinniversKit.framework",
				"$(SRCROOT)/Carthage/Build/iOS/Kingfisher.framework",
			);
			outputPaths = (
			);
			runOnlyForDeploymentPostprocessing = 0;
			shellPath = /bin/sh;
			shellScript = "/usr/local/bin/carthage copy-frameworks";
		};
/* End PBXShellScriptBuildPhase section */

/* Begin PBXSourcesBuildPhase section */
		A060C9F12096F77200DAD27F /* Sources */ = {
			isa = PBXSourcesBuildPhase;
			buildActionMask = 2147483647;
			files = (
				A0026B3520976AF000B6926D /* AdDetailViewController.swift in Sources */,
				A0026B652097B1AF00B6926D /* AdImage.swift in Sources */,
				A0026B1720972D0500B6926D /* URLSessionProtocol.swift in Sources */,
				A060CA282096FF7700DAD27F /* AdContainer.swift in Sources */,
				A060CA2A209702CC00DAD27F /* FLAPIClient.swift in Sources */,
				A0026B46209779A300B6926D /* Color.swift in Sources */,
				A0026B672097B1B700B6926D /* AdPrice.swift in Sources */,
				A060C9FB2096F77200DAD27F /* AdViewController.swift in Sources */,
				A060CA252096FF4400DAD27F /* APIError.swift in Sources */,
				A0026B612097A84A00B6926D /* AdItemViewModel.swift in Sources */,
				A060CA262096FF4400DAD27F /* APIResponse.swift in Sources */,
				A060CA2C2097036400DAD27F /* Result.swift in Sources */,
				A0026B5C20978B5600B6926D /* AdViewModel.swift in Sources */,
				A060C9F92096F77200DAD27F /* AppDelegate.swift in Sources */,
				A0026B3320975E0100B6926D /* UICollectionViewExtensions.swift in Sources */,
				A0026B1920972D6300B6926D /* URLSessionDataTaskProtocol.swift in Sources */,
				A0026B632097B1A100B6926D /* AdModel.swift in Sources */,
				A0026B5820977B7700B6926D /* Font.swift in Sources */,
				A0026B5F2097970F00B6926D /* DataManager.swift in Sources */,
				A0026B3120975D5200B6926D /* AdCollectionViewCell.swift in Sources */,
				A060CA2E209703B800DAD27F /* GetAds.swift in Sources */,
				A060CA242096FF4400DAD27F /* APIRequest.swift in Sources */,
			);
			runOnlyForDeploymentPostprocessing = 0;
		};
		A060CA052096F77300DAD27F /* Sources */ = {
			isa = PBXSourcesBuildPhase;
			buildActionMask = 2147483647;
			files = (
				A0026B1F2097449E00B6926D /* XCTestCase+json.swift in Sources */,
				A0026B1C209732E700B6926D /* MockURLSession.swift in Sources */,
				A060CA0E2096F77300DAD27F /* FLAppTests.swift in Sources */,
				A0026B14209722A400B6926D /* FLAPIClientTests.swift in Sources */,
			);
			runOnlyForDeploymentPostprocessing = 0;
		};
/* End PBXSourcesBuildPhase section */

/* Begin PBXTargetDependency section */
		A060CA0B2096F77300DAD27F /* PBXTargetDependency */ = {
			isa = PBXTargetDependency;
			target = A060C9F42096F77200DAD27F /* FLApp */;
			targetProxy = A060CA0A2096F77300DAD27F /* PBXContainerItemProxy */;
		};
/* End PBXTargetDependency section */

/* Begin PBXVariantGroup section */
		A060C9FC2096F77200DAD27F /* Main.storyboard */ = {
			isa = PBXVariantGroup;
			children = (
				A060C9FD2096F77200DAD27F /* Base */,
			);
			name = Main.storyboard;
			sourceTree = "<group>";
		};
		A060CA012096F77300DAD27F /* LaunchScreen.storyboard */ = {
			isa = PBXVariantGroup;
			children = (
				A060CA022096F77300DAD27F /* Base */,
			);
			name = LaunchScreen.storyboard;
			sourceTree = "<group>";
		};
/* End PBXVariantGroup section */

/* Begin XCBuildConfiguration section */
		A060CA102096F77300DAD27F /* Debug */ = {
			isa = XCBuildConfiguration;
			buildSettings = {
				ALWAYS_SEARCH_USER_PATHS = NO;
				CLANG_ANALYZER_NONNULL = YES;
				CLANG_ANALYZER_NUMBER_OBJECT_CONVERSION = YES_AGGRESSIVE;
				CLANG_CXX_LANGUAGE_STANDARD = "gnu++14";
				CLANG_CXX_LIBRARY = "libc++";
				CLANG_ENABLE_MODULES = YES;
				CLANG_ENABLE_OBJC_ARC = YES;
				CLANG_ENABLE_OBJC_WEAK = YES;
				CLANG_WARN_BLOCK_CAPTURE_AUTORELEASING = YES;
				CLANG_WARN_BOOL_CONVERSION = YES;
				CLANG_WARN_COMMA = YES;
				CLANG_WARN_CONSTANT_CONVERSION = YES;
				CLANG_WARN_DEPRECATED_OBJC_IMPLEMENTATIONS = YES;
				CLANG_WARN_DIRECT_OBJC_ISA_USAGE = YES_ERROR;
				CLANG_WARN_DOCUMENTATION_COMMENTS = YES;
				CLANG_WARN_EMPTY_BODY = YES;
				CLANG_WARN_ENUM_CONVERSION = YES;
				CLANG_WARN_INFINITE_RECURSION = YES;
				CLANG_WARN_INT_CONVERSION = YES;
				CLANG_WARN_NON_LITERAL_NULL_CONVERSION = YES;
				CLANG_WARN_OBJC_IMPLICIT_RETAIN_SELF = YES;
				CLANG_WARN_OBJC_LITERAL_CONVERSION = YES;
				CLANG_WARN_OBJC_ROOT_CLASS = YES_ERROR;
				CLANG_WARN_RANGE_LOOP_ANALYSIS = YES;
				CLANG_WARN_STRICT_PROTOTYPES = YES;
				CLANG_WARN_SUSPICIOUS_MOVE = YES;
				CLANG_WARN_UNGUARDED_AVAILABILITY = YES_AGGRESSIVE;
				CLANG_WARN_UNREACHABLE_CODE = YES;
				CLANG_WARN__DUPLICATE_METHOD_MATCH = YES;
				CODE_SIGN_IDENTITY = "iPhone Developer";
				COPY_PHASE_STRIP = NO;
				DEBUG_INFORMATION_FORMAT = dwarf;
				ENABLE_STRICT_OBJC_MSGSEND = YES;
				ENABLE_TESTABILITY = YES;
				GCC_C_LANGUAGE_STANDARD = gnu11;
				GCC_DYNAMIC_NO_PIC = NO;
				GCC_NO_COMMON_BLOCKS = YES;
				GCC_OPTIMIZATION_LEVEL = 0;
				GCC_PREPROCESSOR_DEFINITIONS = (
					"DEBUG=1",
					"$(inherited)",
				);
				GCC_WARN_64_TO_32_BIT_CONVERSION = YES;
				GCC_WARN_ABOUT_RETURN_TYPE = YES_ERROR;
				GCC_WARN_UNDECLARED_SELECTOR = YES;
				GCC_WARN_UNINITIALIZED_AUTOS = YES_AGGRESSIVE;
				GCC_WARN_UNUSED_FUNCTION = YES;
				GCC_WARN_UNUSED_VARIABLE = YES;
				IPHONEOS_DEPLOYMENT_TARGET = 11.3;
				MTL_ENABLE_DEBUG_INFO = YES;
				ONLY_ACTIVE_ARCH = YES;
				SDKROOT = iphoneos;
				SWIFT_ACTIVE_COMPILATION_CONDITIONS = DEBUG;
				SWIFT_OPTIMIZATION_LEVEL = "-Onone";
			};
			name = Debug;
		};
		A060CA112096F77300DAD27F /* Release */ = {
			isa = XCBuildConfiguration;
			buildSettings = {
				ALWAYS_SEARCH_USER_PATHS = NO;
				CLANG_ANALYZER_NONNULL = YES;
				CLANG_ANALYZER_NUMBER_OBJECT_CONVERSION = YES_AGGRESSIVE;
				CLANG_CXX_LANGUAGE_STANDARD = "gnu++14";
				CLANG_CXX_LIBRARY = "libc++";
				CLANG_ENABLE_MODULES = YES;
				CLANG_ENABLE_OBJC_ARC = YES;
				CLANG_ENABLE_OBJC_WEAK = YES;
				CLANG_WARN_BLOCK_CAPTURE_AUTORELEASING = YES;
				CLANG_WARN_BOOL_CONVERSION = YES;
				CLANG_WARN_COMMA = YES;
				CLANG_WARN_CONSTANT_CONVERSION = YES;
				CLANG_WARN_DEPRECATED_OBJC_IMPLEMENTATIONS = YES;
				CLANG_WARN_DIRECT_OBJC_ISA_USAGE = YES_ERROR;
				CLANG_WARN_DOCUMENTATION_COMMENTS = YES;
				CLANG_WARN_EMPTY_BODY = YES;
				CLANG_WARN_ENUM_CONVERSION = YES;
				CLANG_WARN_INFINITE_RECURSION = YES;
				CLANG_WARN_INT_CONVERSION = YES;
				CLANG_WARN_NON_LITERAL_NULL_CONVERSION = YES;
				CLANG_WARN_OBJC_IMPLICIT_RETAIN_SELF = YES;
				CLANG_WARN_OBJC_LITERAL_CONVERSION = YES;
				CLANG_WARN_OBJC_ROOT_CLASS = YES_ERROR;
				CLANG_WARN_RANGE_LOOP_ANALYSIS = YES;
				CLANG_WARN_STRICT_PROTOTYPES = YES;
				CLANG_WARN_SUSPICIOUS_MOVE = YES;
				CLANG_WARN_UNGUARDED_AVAILABILITY = YES_AGGRESSIVE;
				CLANG_WARN_UNREACHABLE_CODE = YES;
				CLANG_WARN__DUPLICATE_METHOD_MATCH = YES;
				CODE_SIGN_IDENTITY = "iPhone Developer";
				COPY_PHASE_STRIP = NO;
				DEBUG_INFORMATION_FORMAT = "dwarf-with-dsym";
				ENABLE_NS_ASSERTIONS = NO;
				ENABLE_STRICT_OBJC_MSGSEND = YES;
				GCC_C_LANGUAGE_STANDARD = gnu11;
				GCC_NO_COMMON_BLOCKS = YES;
				GCC_WARN_64_TO_32_BIT_CONVERSION = YES;
				GCC_WARN_ABOUT_RETURN_TYPE = YES_ERROR;
				GCC_WARN_UNDECLARED_SELECTOR = YES;
				GCC_WARN_UNINITIALIZED_AUTOS = YES_AGGRESSIVE;
				GCC_WARN_UNUSED_FUNCTION = YES;
				GCC_WARN_UNUSED_VARIABLE = YES;
				IPHONEOS_DEPLOYMENT_TARGET = 11.3;
				MTL_ENABLE_DEBUG_INFO = NO;
				SDKROOT = iphoneos;
				SWIFT_COMPILATION_MODE = wholemodule;
				SWIFT_OPTIMIZATION_LEVEL = "-O";
				VALIDATE_PRODUCT = YES;
			};
			name = Release;
		};
		A060CA132096F77300DAD27F /* Debug */ = {
			isa = XCBuildConfiguration;
			buildSettings = {
				ASSETCATALOG_COMPILER_APPICON_NAME = AppIcon;
				CODE_SIGN_STYLE = Automatic;
				FRAMEWORK_SEARCH_PATHS = (
					"$(inherited)",
					"$(PROJECT_DIR)/Carthage/Build/iOS",
				);
				INFOPLIST_FILE = FLApp/Info.plist;
				LD_RUNPATH_SEARCH_PATHS = (
					"$(inherited)",
					"@executable_path/Frameworks",
				);
				PRODUCT_BUNDLE_IDENTIFIER = wandercodesfze.FLApp;
				PRODUCT_NAME = "$(TARGET_NAME)";
				SWIFT_VERSION = 4.0;
				TARGETED_DEVICE_FAMILY = "1,2";
			};
			name = Debug;
		};
		A060CA142096F77300DAD27F /* Release */ = {
			isa = XCBuildConfiguration;
			buildSettings = {
				ASSETCATALOG_COMPILER_APPICON_NAME = AppIcon;
				CODE_SIGN_STYLE = Automatic;
				FRAMEWORK_SEARCH_PATHS = (
					"$(inherited)",
					"$(PROJECT_DIR)/Carthage/Build/iOS",
				);
				INFOPLIST_FILE = FLApp/Info.plist;
				LD_RUNPATH_SEARCH_PATHS = (
					"$(inherited)",
					"@executable_path/Frameworks",
				);
				PRODUCT_BUNDLE_IDENTIFIER = wandercodesfze.FLApp;
				PRODUCT_NAME = "$(TARGET_NAME)";
				SWIFT_VERSION = 4.0;
				TARGETED_DEVICE_FAMILY = "1,2";
			};
			name = Release;
		};
		A060CA162096F77300DAD27F /* Debug */ = {
			isa = XCBuildConfiguration;
			buildSettings = {
				ALWAYS_EMBED_SWIFT_STANDARD_LIBRARIES = YES;
				BUNDLE_LOADER = "$(TEST_HOST)";
				CODE_SIGN_STYLE = Automatic;
				FRAMEWORK_SEARCH_PATHS = (
					"$(inherited)",
					"$(PROJECT_DIR)/Carthage/Build/iOS",
				);
				INFOPLIST_FILE = FLAppTests/Info.plist;
				LD_RUNPATH_SEARCH_PATHS = (
					"$(inherited)",
					"@executable_path/Frameworks",
					"@loader_path/Frameworks",
				);
				PRODUCT_BUNDLE_IDENTIFIER = wandercodesfze.FLAppTests;
				PRODUCT_NAME = "$(TARGET_NAME)";
				SWIFT_VERSION = 4.0;
				TARGETED_DEVICE_FAMILY = "1,2";
				TEST_HOST = "$(BUILT_PRODUCTS_DIR)/FLApp.app/FLApp";
			};
			name = Debug;
		};
		A060CA172096F77300DAD27F /* Release */ = {
			isa = XCBuildConfiguration;
			buildSettings = {
				ALWAYS_EMBED_SWIFT_STANDARD_LIBRARIES = YES;
				BUNDLE_LOADER = "$(TEST_HOST)";
				CODE_SIGN_STYLE = Automatic;
				FRAMEWORK_SEARCH_PATHS = (
					"$(inherited)",
					"$(PROJECT_DIR)/Carthage/Build/iOS",
				);
				INFOPLIST_FILE = FLAppTests/Info.plist;
				LD_RUNPATH_SEARCH_PATHS = (
					"$(inherited)",
					"@executable_path/Frameworks",
					"@loader_path/Frameworks",
				);
				PRODUCT_BUNDLE_IDENTIFIER = wandercodesfze.FLAppTests;
				PRODUCT_NAME = "$(TARGET_NAME)";
				SWIFT_VERSION = 4.0;
				TARGETED_DEVICE_FAMILY = "1,2";
				TEST_HOST = "$(BUILT_PRODUCTS_DIR)/FLApp.app/FLApp";
			};
			name = Release;
		};
/* End XCBuildConfiguration section */

/* Begin XCConfigurationList section */
		A060C9F02096F77200DAD27F /* Build configuration list for PBXProject "FLApp" */ = {
			isa = XCConfigurationList;
			buildConfigurations = (
				A060CA102096F77300DAD27F /* Debug */,
				A060CA112096F77300DAD27F /* Release */,
			);
			defaultConfigurationIsVisible = 0;
			defaultConfigurationName = Release;
		};
		A060CA122096F77300DAD27F /* Build configuration list for PBXNativeTarget "FLApp" */ = {
			isa = XCConfigurationList;
			buildConfigurations = (
				A060CA132096F77300DAD27F /* Debug */,
				A060CA142096F77300DAD27F /* Release */,
			);
			defaultConfigurationIsVisible = 0;
			defaultConfigurationName = Release;
		};
		A060CA152096F77300DAD27F /* Build configuration list for PBXNativeTarget "FLAppTests" */ = {
			isa = XCConfigurationList;
			buildConfigurations = (
				A060CA162096F77300DAD27F /* Debug */,
				A060CA172096F77300DAD27F /* Release */,
			);
			defaultConfigurationIsVisible = 0;
			defaultConfigurationName = Release;
		};
/* End XCConfigurationList section */
	};
	rootObject = A060C9ED2096F77200DAD27F /* Project object */;
}
